
Microsoft Visual Studio Solution File, Format Version 12.00
# Visual Studio Version 17
VisualStudioVersion = 17.10.35013.160
MinimumVisualStudioVersion = 10.0.40219.1
Project("{FAE04EC0-301F-11D3-BF4B-00C04F79EFBC}") = "Creatus-Backend", "Creatus-Backend.csproj", "{391F8767-0674-4461-AABC-DA17010A7F97}"
EndProject
Global
	GlobalSection(SolutionConfigurationPlatforms) = preSolution
		Debug|Any CPU = Debug|Any CPU
		Release|Any CPU = Release|Any CPU
	EndGlobalSection
	GlobalSection(ProjectConfigurationPlatforms) = postSolution
		{391F8767-0674-4461-AABC-DA17010A7F97}.Debug|Any CPU.ActiveCfg = Debug|Any CPU
		{391F8767-0674-4461-AABC-DA17010A7F97}.Debug|Any CPU.Build.0 = Debug|Any CPU
		{391F8767-0674-4461-AABC-DA17010A7F97}.Release|Any CPU.ActiveCfg = Release|Any CPU
		{391F8767-0674-4461-AABC-DA17010A7F97}.Release|Any CPU.Build.0 = Release|Any CPU
	EndGlobalSection
	GlobalSection(SolutionProperties) = preSolution
		HideSolutionNode = FALSE
	EndGlobalSection
	GlobalSection(ExtensibilityGlobals) = postSolution
		SolutionGuid = {98EB7C18-2C64-409C-950E-5E26DDF426EF}
	EndGlobalSection
EndGlobal
